// !$*UTF8*$!
{
	archiveVersion = 1;
	classes = {
	};
	objectVersion = 46;
	objects = {

/* Begin PBXBuildFile section */
		8A2D3B3B1E497D8100E87D07 /* AppDelegate.swift in Sources */ = {isa = PBXBuildFile; fileRef = 8A2D3B3A1E497D8100E87D07 /* AppDelegate.swift */; };
		8A2D3B3D1E497D8100E87D07 /* TipViewController.swift in Sources */ = {isa = PBXBuildFile; fileRef = 8A2D3B3C1E497D8100E87D07 /* TipViewController.swift */; };
		8A2D3B401E497D8100E87D07 /* Main.storyboard in Resources */ = {isa = PBXBuildFile; fileRef = 8A2D3B3E1E497D8100E87D07 /* Main.storyboard */; };
		8A2D3B421E497D8100E87D07 /* Assets.xcassets in Resources */ = {isa = PBXBuildFile; fileRef = 8A2D3B411E497D8100E87D07 /* Assets.xcassets */; };
		8A2D3B451E497D8100E87D07 /* LaunchScreen.storyboard in Resources */ = {isa = PBXBuildFile; fileRef = 8A2D3B431E497D8100E87D07 /* LaunchScreen.storyboard */; };
/* End PBXBuildFile section */

/* Begin PBXFileReference section */
		8A2D3B371E497D8100E87D07 /* tip calculator.app */ = {isa = PBXFileReference; explicitFileType = wrapper.application; includeInIndex = 0; path = "tip calculator.app"; sourceTree = BUILT_PRODUCTS_DIR; };
		8A2D3B3A1E497D8100E87D07 /* AppDelegate.swift */ = {isa = PBXFileReference; lastKnownFileType = sourcecode.swift; path = AppDelegate.swift; sourceTree = "<group>"; };
		8A2D3B3C1E497D8100E87D07 /* TipViewController.swift */ = {isa = PBXFileReference; lastKnownFileType = sourcecode.swift; path = TipViewController.swift; sourceTree = "<group>"; };
		8A2D3B3F1E497D8100E87D07 /* Base */ = {isa = PBXFileReference; lastKnownFileType = file.storyboard; name = Base; path = Base.lproj/Main.storyboard; sourceTree = "<group>"; };
		8A2D3B411E497D8100E87D07 /* Assets.xcassets */ = {isa = PBXFileReference; lastKnownFileType = folder.assetcatalog; path = Assets.xcassets; sourceTree = "<group>"; };
		8A2D3B441E497D8100E87D07 /* Base */ = {isa = PBXFileReference; lastKnownFileType = file.storyboard; name = Base; path = Base.lproj/LaunchScreen.storyboard; sourceTree = "<group>"; };
		8A2D3B461E497D8100E87D07 /* Info.plist */ = {isa = PBXFileReference; lastKnownFileType = text.plist.xml; path = Info.plist; sourceTree = "<group>"; };
/* End PBXFileReference section */

/* Begin PBXFrameworksBuildPhase section */
		8A2D3B341E497D8100E87D07 /* Frameworks */ = {
			isa = PBXFrameworksBuildPhase;
			buildActionMask = 2147483647;
			files = (
			);
			runOnlyForDeploymentPostprocessing = 0;
		};
/* End PBXFrameworksBuildPhase section */

/* Begin PBXGroup section */
		8A2D3B2E1E497D8100E87D07 = {
			isa = PBXGroup;
			children = (
				8A2D3B391E497D8100E87D07 /* tip calculator */,
				8A2D3B381E497D8100E87D07 /* Products */,
			);
			sourceTree = "<group>";
		};
		8A2D3B381E497D8100E87D07 /* Products */ = {
			isa = PBXGroup;
			children = (
				8A2D3B371E497D8100E87D07 /* tip calculator.app */,
			);
			name = Products;
			sourceTree = "<group>";
		};
		8A2D3B391E497D8100E87D07 /* tip calculator */ = {
			isa = PBXGroup;
			children = (
				8A2D3B3A1E497D8100E87D07 /* AppDelegate.swift */,
				8A2D3B3C1E497D8100E87D07 /* TipViewController.swift */,
				8A2D3B3E1E497D8100E87D07 /* Main.storyboard */,
				8A2D3B411E497D8100E87D07 /* Assets.xcassets */,
				8A2D3B431E497D8100E87D07 /* LaunchScreen.storyboard */,
				8A2D3B461E497D8100E87D07 /* Info.plist */,
			);
			path = "tip calculator";
			sourceTree = "<group>";
		};
/* End PBXGroup section */

/* Begin PBXNativeTarget section */
		8A2D3B361E497D8100E87D07 /* tip calculator */ = {
			isa = PBXNativeTarget;
			buildConfigurationList = 8A2D3B491E497D8100E87D07 /* Build configuration list for PBXNativeTarget "tip calculator" */;
			buildPhases = (
				8A2D3B331E497D8100E87D07 /* Sources */,
				8A2D3B341E497D8100E87D07 /* Frameworks */,
				8A2D3B351E497D8100E87D07 /* Resources */,
			);
			buildRules = (
			);
			dependencies = (
			);
			name = "tip calculator";
			productName = "tip calculator";
			productReference = 8A2D3B371E497D8100E87D07 /* tip calculator.app */;
			productType = "com.apple.product-type.application";
		};
/* End PBXNativeTarget section */

/* Begin PBXProject section */
		8A2D3B2F1E497D8100E87D07 /* Project object */ = {
			isa = PBXProject;
			attributes = {
				LastSwiftUpdateCheck = 0730;
				LastUpgradeCheck = 0730;
				ORGANIZATIONNAME = "Tyler Wood";
				TargetAttributes = {
					8A2D3B361E497D8100E87D07 = {
						CreatedOnToolsVersion = 7.3.1;
						DevelopmentTeam = 5N7T24G8J2;
					};
				};
			};
			buildConfigurationList = 8A2D3B321E497D8100E87D07 /* Build configuration list for PBXProject "tip calculator" */;
			compatibilityVersion = "Xcode 3.2";
			developmentRegion = English;
			hasScannedForEncodings = 0;
			knownRegions = (
				en,
				Base,
			);
			mainGroup = 8A2D3B2E1E497D8100E87D07;
			productRefGroup = 8A2D3B381E497D8100E87D07 /* Products */;
			projectDirPath = "";
			projectRoot = "";
			targets = (
				8A2D3B361E497D8100E87D07 /* tip calculator */,
			);
		};
/* End PBXProject section */

/* Begin PBXResourcesBuildPhase section */
		8A2D3B351E497D8100E87D07 /* Resources */ = {
			isa = PBXResourcesBuildPhase;
			buildActionMask = 2147483647;
			files = (
				8A2D3B451E497D8100E87D07 /* LaunchScreen.storyboard in Resources */,
				8A2D3B421E497D8100E87D07 /* Assets.xcassets in Resources */,
				8A2D3B401E497D8100E87D07 /* Main.storyboard in Resources */,
			);
			runOnlyForDeploymentPostprocessing = 0;
		};
/* End PBXResourcesBuildPhase section */

/* Begin PBXSourcesBuildPhase section */
		8A2D3B331E497D8100E87D07 /* Sources */ = {
			isa = PBXSourcesBuildPhase;
			buildActionMask = 2147483647;
			files = (
				8A2D3B3D1E497D8100E87D07 /* TipViewController.swift in Sources */,
				8A2D3B3B1E497D8100E87D07 /* AppDelegate.swift in Sources */,
			);
			runOnlyForDeploymentPostprocessing = 0;
		};
/* End PBXSourcesBuildPhase section */

/* Begin PBXVariantGroup section */
		8A2D3B3E1E497D8100E87D07 /* Main.storyboard */ = {
			isa = PBXVariantGroup;
			children = (
				8A2D3B3F1E497D8100E87D07 /* Base */,
			);
			name = Main.storyboard;
			sourceTree = "<group>";
		};
		8A2D3B431E497D8100E87D07 /* LaunchScreen.storyboard */ = {
			isa = PBXVariantGroup;
			children = (
				8A2D3B441E497D8100E87D07 /* Base */,
			);
			name = LaunchScreen.storyboard;
			sourceTree = "<group>";
		};
/* End PBXVariantGroup section */

/* Begin XCBuildConfiguration section */
		8A2D3B471E497D8100E87D07 /* Debug */ = {
			isa = XCBuildConfiguration;
			buildSettings = {
				ALWAYS_SEARCH_USER_PATHS = NO;
				CLANG_ANALYZER_NONNULL = YES;
				CLANG_CXX_LANGUAGE_STANDARD = "gnu++0x";
				CLANG_CXX_LIBRARY = "libc++";
				CLANG_ENABLE_MODULES = YES;
				CLANG_ENABLE_OBJC_ARC = YES;
				CLANG_WARN_BOOL_CONVERSION = YES;
				CLANG_WARN_CONSTANT_CONVERSION = YES;
				CLANG_WARN_DIRECT_OBJC_ISA_USAGE = YES_ERROR;
				CLANG_WARN_EMPTY_BODY = YES;
				CLANG_WARN_ENUM_CONVERSION = YES;
				CLANG_WARN_INT_CONVERSION = YES;
				CLANG_WARN_OBJC_ROOT_CLASS = YES_ERROR;
				CLANG_WARN_UNREACHABLE_CODE = YES;
				CLANG_WARN__DUPLICATE_METHOD_MATCH = YES;
				"CODE_SIGN_IDENTITY[sdk=iphoneos*]" = "iPhone Developer";
				COPY_PHASE_STRIP = NO;
				DEBUG_INFORMATION_FORMAT = dwarf;
				ENABLE_STRICT_OBJC_MSGSEND = YES;
				ENABLE_TESTABILITY = YES;
				GCC_C_LANGUAGE_STANDARD = gnu99;
				GCC_DYNAMIC_NO_PIC = NO;
				GCC_NO_COMMON_BLOCKS = YES;
				GCC_OPTIMIZATION_LEVEL = 0;
				GCC_PREPROCESSOR_DEFINITIONS = (
					"DEBUG=1",
					"$(inherited)",
				);
				GCC_WARN_64_TO_32_BIT_CONVERSION = YES;
				GCC_WARN_ABOUT_RETURN_TYPE = YES_ERROR;
				GCC_WARN_UNDECLARED_SELECTOR = YES;
				GCC_WARN_UNINITIALIZED_AUTOS = YES_AGGRESSIVE;
				GCC_WARN_UNUSED_FUNCTION = YES;
				GCC_WARN_UNUSED_VARIABLE = YES;
				IPHONEOS_DEPLOYMENT_TARGET = 9.3;
				MTL_ENABLE_DEBUG_INFO = YES;
				ONLY_ACTIVE_ARCH = YES;
				SDKROOT = iphoneos;
				SWIFT_OPTIMIZATION_LEVEL = "-Onone";
			};
			name = Debug;
		};
		8A2D3B481E497D8100E87D07 /* Release */ = {
			isa = XCBuildConfiguration;
			buildSettings = {
				ALWAYS_SEARCH_USER_PATHS = NO;
				CLANG_ANALYZER_NONNULL = YES;
				CLANG_CXX_LANGUAGE_STANDARD = "gnu++0x";
				CLANG_CXX_LIBRARY = "libc++";
				CLANG_ENABLE_MODULES = YES;
				CLANG_ENABLE_OBJC_ARC = YES;
				CLANG_WARN_BOOL_CONVERSION = YES;
				CLANG_WARN_CONSTANT_CONVERSION = YES;
				CLANG_WARN_DIRECT_OBJC_ISA_USAGE = YES_ERROR;
				CLANG_WARN_EMPTY_BODY = YES;
				CLANG_WARN_ENUM_CONVERSION = YES;
				CLANG_WARN_INT_CONVERSION = YES;
				CLANG_WARN_OBJC_ROOT_CLASS = YES_ERROR;
				CLANG_WARN_UNREACHABLE_CODE = YES;
				CLANG_WARN__DUPLICATE_METHOD_MATCH = YES;
				"CODE_SIGN_IDENTITY[sdk=iphoneos*]" = "iPhone Developer";
				COPY_PHASE_STRIP = NO;
				DEBUG_INFORMATION_FORMAT = "dwarf-with-dsym";
				ENABLE_NS_ASSERTIONS = NO;
				ENABLE_STRICT_OBJC_MSGSEND = YES;
				GCC_C_LANGUAGE_STANDARD = gnu99;
				GCC_NO_COMMON_BLOCKS = YES;
				GCC_WARN_64_TO_32_BIT_CONVERSION = YES;
				GCC_WARN_ABOUT_RETURN_TYPE = YES_ERROR;
				GCC_WARN_UNDECLARED_SELECTOR = YES;
				GCC_WARN_UNINITIALIZED_AUTOS = YES_AGGRESSIVE;
				GCC_WARN_UNUSED_FUNCTION = YES;
				GCC_WARN_UNUSED_VARIABLE = YES;
				IPHONEOS_DEPLOYMENT_TARGET = 9.3;
				MTL_ENABLE_DEBUG_INFO = NO;
				SDKROOT = iphoneos;
				VALIDATE_PRODUCT = YES;
			};
			name = Release;
		};
		8A2D3B4A1E497D8100E87D07 /* Debug */ = {
			isa = XCBuildConfiguration;
			buildSettings = {
				ASSETCATALOG_COMPILER_APPICON_NAME = AppIcon;
				INFOPLIST_FILE = "tip calculator/Info.plist";
				LD_RUNPATH_SEARCH_PATHS = "$(inherited) @executable_path/Frameworks";
				PRODUCT_BUNDLE_IDENTIFIER = "com.tylerjaywood.tip-calculator";
				PRODUCT_NAME = "$(TARGET_NAME)";
			};
			name = Debug;
		};
		8A2D3B4B1E497D8100E87D07 /* Release */ = {
			isa = XCBuildConfiguration;
			buildSettings = {
				ASSETCATALOG_COMPILER_APPICON_NAME = AppIcon;
				INFOPLIST_FILE = "tip calculator/Info.plist";
				LD_RUNPATH_SEARCH_PATHS = "$(inherited) @executable_path/Frameworks";
				PRODUCT_BUNDLE_IDENTIFIER = "com.tylerjaywood.tip-calculator";
				PRODUCT_NAME = "$(TARGET_NAME)";
			};
			name = Release;
		};
/* End XCBuildConfiguration section */

/* Begin XCConfigurationList section */
		8A2D3B321E497D8100E87D07 /* Build configuration list for PBXProject "tip calculator" */ = {
			isa = XCConfigurationList;
			buildConfigurations = (
				8A2D3B471E497D8100E87D07 /* Debug */,
				8A2D3B481E497D8100E87D07 /* Release */,
			);
			defaultConfigurationIsVisible = 0;
			defaultConfigurationName = Release;
		};
		8A2D3B491E497D8100E87D07 /* Build configuration list for PBXNativeTarget "tip calculator" */ = {
			isa = XCConfigurationList;
			buildConfigurations = (
				8A2D3B4A1E497D8100E87D07 /* Debug */,
				8A2D3B4B1E497D8100E87D07 /* Release */,
			);
			defaultConfigurationIsVisible = 0;
		};
/* End XCConfigurationList section */
	};
	rootObject = 8A2D3B2F1E497D8100E87D07 /* Project object */;
}
